
Microsoft Visual Studio Solution File, Format Version 12.00
# Visual Studio 15
VisualStudioVersion = 15.0.26124.0
MinimumVisualStudioVersion = 15.0.26124.0
Project("{FAE04EC0-301F-11D3-BF4B-00C04F79EFBC}") = "Logic", "Logic\Logic.csproj", "{760A1B77-8FAA-4F2F-A003-727A314A1817}"
EndProject
Project("{FAE04EC0-301F-11D3-BF4B-00C04F79EFBC}") = "Model", "Model\Model.csproj", "{0923D72A-649A-4345-AC75-646F8F4DDC81}"
EndProject
Project("{FAE04EC0-301F-11D3-BF4B-00C04F79EFBC}") = "Tests", "Tests\Tests.csproj", "{97B8AA7F-46F4-4F31-A1B5-AD00128360DA}"
EndProject
Global
	GlobalSection(SolutionConfigurationPlatforms) = preSolution
		Debug|Any CPU = Debug|Any CPU
		Debug|x64 = Debug|x64
		Debug|x86 = Debug|x86
		Release|Any CPU = Release|Any CPU
		Release|x64 = Release|x64
		Release|x86 = Release|x86
	EndGlobalSection
	GlobalSection(SolutionProperties) = preSolution
		HideSolutionNode = FALSE
	EndGlobalSection
	GlobalSection(ProjectConfigurationPlatforms) = postSolution
		{760A1B77-8FAA-4F2F-A003-727A314A1817}.Debug|Any CPU.ActiveCfg = Debug|Any CPU
		{760A1B77-8FAA-4F2F-A003-727A314A1817}.Debug|Any CPU.Build.0 = Debug|Any CPU
		{760A1B77-8FAA-4F2F-A003-727A314A1817}.Debug|x64.ActiveCfg = Debug|x64
		{760A1B77-8FAA-4F2F-A003-727A314A1817}.Debug|x64.Build.0 = Debug|x64
		{760A1B77-8FAA-4F2F-A003-727A314A1817}.Debug|x86.ActiveCfg = Debug|x86
		{760A1B77-8FAA-4F2F-A003-727A314A1817}.Debug|x86.Build.0 = Debug|x86
		{760A1B77-8FAA-4F2F-A003-727A314A1817}.Release|Any CPU.ActiveCfg = Release|Any CPU
		{760A1B77-8FAA-4F2F-A003-727A314A1817}.Release|Any CPU.Build.0 = Release|Any CPU
		{760A1B77-8FAA-4F2F-A003-727A314A1817}.Release|x64.ActiveCfg = Release|x64
		{760A1B77-8FAA-4F2F-A003-727A314A1817}.Release|x64.Build.0 = Release|x64
		{760A1B77-8FAA-4F2F-A003-727A314A1817}.Release|x86.ActiveCfg = Release|x86
		{760A1B77-8FAA-4F2F-A003-727A314A1817}.Release|x86.Build.0 = Release|x86
		{0923D72A-649A-4345-AC75-646F8F4DDC81}.Debug|Any CPU.ActiveCfg = Debug|Any CPU
		{0923D72A-649A-4345-AC75-646F8F4DDC81}.Debug|Any CPU.Build.0 = Debug|Any CPU
		{0923D72A-649A-4345-AC75-646F8F4DDC81}.Debug|x64.ActiveCfg = Debug|x64
		{0923D72A-649A-4345-AC75-646F8F4DDC81}.Debug|x64.Build.0 = Debug|x64
		{0923D72A-649A-4345-AC75-646F8F4DDC81}.Debug|x86.ActiveCfg = Debug|x86
		{0923D72A-649A-4345-AC75-646F8F4DDC81}.Debug|x86.Build.0 = Debug|x86
		{0923D72A-649A-4345-AC75-646F8F4DDC81}.Release|Any CPU.ActiveCfg = Release|Any CPU
		{0923D72A-649A-4345-AC75-646F8F4DDC81}.Release|Any CPU.Build.0 = Release|Any CPU
		{0923D72A-649A-4345-AC75-646F8F4DDC81}.Release|x64.ActiveCfg = Release|x64
		{0923D72A-649A-4345-AC75-646F8F4DDC81}.Release|x64.Build.0 = Release|x64
		{0923D72A-649A-4345-AC75-646F8F4DDC81}.Release|x86.ActiveCfg = Release|x86
		{0923D72A-649A-4345-AC75-646F8F4DDC81}.Release|x86.Build.0 = Release|x86
		{97B8AA7F-46F4-4F31-A1B5-AD00128360DA}.Debug|Any CPU.ActiveCfg = Debug|Any CPU
		{97B8AA7F-46F4-4F31-A1B5-AD00128360DA}.Debug|Any CPU.Build.0 = Debug|Any CPU
		{97B8AA7F-46F4-4F31-A1B5-AD00128360DA}.Debug|x64.ActiveCfg = Debug|x64
		{97B8AA7F-46F4-4F31-A1B5-AD00128360DA}.Debug|x64.Build.0 = Debug|x64
		{97B8AA7F-46F4-4F31-A1B5-AD00128360DA}.Debug|x86.ActiveCfg = Debug|x86
		{97B8AA7F-46F4-4F31-A1B5-AD00128360DA}.Debug|x86.Build.0 = Debug|x86
		{97B8AA7F-46F4-4F31-A1B5-AD00128360DA}.Release|Any CPU.ActiveCfg = Release|Any CPU
		{97B8AA7F-46F4-4F31-A1B5-AD00128360DA}.Release|Any CPU.Build.0 = Release|Any CPU
		{97B8AA7F-46F4-4F31-A1B5-AD00128360DA}.Release|x64.ActiveCfg = Release|x64
		{97B8AA7F-46F4-4F31-A1B5-AD00128360DA}.Release|x64.Build.0 = Release|x64
		{97B8AA7F-46F4-4F31-A1B5-AD00128360DA}.Release|x86.ActiveCfg = Release|x86
		{97B8AA7F-46F4-4F31-A1B5-AD00128360DA}.Release|x86.Build.0 = Release|x86
	EndGlobalSection
EndGlobal
